{
  "name": "app1",
  "version": "1.0.0",
  "lockfileVersion": 1,
  "requires": true,
  "dependencies": {
    "esm": {
      "version": "3.0.19",
      "resolved": "https://registry.npmjs.org/esm/-/esm-3.0.19.tgz",
      "integrity": "sha512-nzcyFclLSWL1zty9gW9RSkrhnl3LCJIoBC4rT9GRo6ws2kbaopWWt1DOa8QGQ4gqpbZPEoyCIrXhye8dmgIKmQ=="
    }
  }
}
